<?xml version="1.0" encoding="UTF-8"?>
<!DOCTYPE plist PUBLIC "-//Apple//DTD PLIST 1.0//EN" "http://www.apple.com/DTDs/PropertyList-1.0.dtd">
<plist version="1.0">
<dict>
	<key>archiveVersion</key>
	<string>1</string>
	<key>classes</key>
	<dict/>
	<key>objectVersion</key>
	<string>46</string>
	<key>objects</key>
	<dict>
		<key>0C4F6D0829C540F3B7E86E23</key>
		<dict>
			<key>fileRef</key>
			<string>6442C35B3A894F23BF9DB1A8</string>
			<key>isa</key>
			<string>PBXBuildFile</string>
		</dict>
		<key>0E0ECC131583681400116FAE</key>
		<dict>
			<key>fileEncoding</key>
			<string>4</string>
			<key>isa</key>
			<string>PBXFileReference</string>
			<key>lastKnownFileType</key>
			<string>sourcecode.c.h</string>
			<key>path</key>
			<string>UIImage+operation.h</string>
			<key>sourceTree</key>
			<string>&lt;group&gt;</string>
		</dict>
		<key>0E0ECC141583681400116FAE</key>
		<dict>
			<key>fileEncoding</key>
			<string>4</string>
			<key>isa</key>
			<string>PBXFileReference</string>
			<key>lastKnownFileType</key>
			<string>sourcecode.c.objc</string>
			<key>path</key>
			<string>UIImage+operation.m</string>
			<key>sourceTree</key>
			<string>&lt;group&gt;</string>
		</dict>
		<key>0E0ECC151583681400116FAE</key>
		<dict>
			<key>fileRef</key>
			<string>0E0ECC141583681400116FAE</string>
			<key>isa</key>
			<string>PBXBuildFile</string>
		</dict>
		<key>0E20425B15824F34009D88F2</key>
		<dict>
			<key>children</key>
			<array>
				<string>482C9DB417B138770080E8D8</string>
				<string>0E20427015824F35009D88F2</string>
				<string>0E20426915824F34009D88F2</string>
				<string>0E20426715824F34009D88F2</string>
				<string>DA2E94C3765B6830509DCF49</string>
			</array>
			<key>isa</key>
			<string>PBXGroup</string>
			<key>sourceTree</key>
			<string>&lt;group&gt;</string>
		</dict>
		<key>0E20425D15824F34009D88F2</key>
		<dict>
			<key>attributes</key>
			<dict>
				<key>LastUpgradeCheck</key>
				<string>0430</string>
				<key>ORGANIZATIONNAME</key>
				<string>26775</string>
			</dict>
			<key>buildConfigurationList</key>
			<string>0E20426015824F34009D88F2</string>
			<key>compatibilityVersion</key>
			<string>Xcode 3.2</string>
			<key>developmentRegion</key>
			<string>English</string>
			<key>hasScannedForEncodings</key>
			<string>0</string>
			<key>isa</key>
			<string>PBXProject</string>
			<key>knownRegions</key>
			<array>
				<string>en</string>
			</array>
			<key>mainGroup</key>
			<string>0E20425B15824F34009D88F2</string>
			<key>productRefGroup</key>
			<string>0E20426715824F34009D88F2</string>
			<key>projectDirPath</key>
			<string></string>
			<key>projectReferences</key>
			<array/>
			<key>projectRoot</key>
			<string></string>
			<key>targets</key>
			<array>
				<string>0E20426515824F34009D88F2</string>
			</array>
		</dict>
		<key>0E20426015824F34009D88F2</key>
		<dict>
			<key>buildConfigurations</key>
			<array>
				<string>0E20428215824F35009D88F2</string>
				<string>0E20428315824F35009D88F2</string>
			</array>
			<key>defaultConfigurationIsVisible</key>
			<string>0</string>
			<key>defaultConfigurationName</key>
			<string>Release</string>
			<key>isa</key>
			<string>XCConfigurationList</string>
		</dict>
		<key>0E20426215824F34009D88F2</key>
		<dict>
			<key>buildActionMask</key>
			<string>2147483647</string>
			<key>files</key>
			<array>
				<string>0E20427715824F35009D88F2</string>
				<string>0E20427B15824F35009D88F2</string>
				<string>0E20428115824F35009D88F2</string>
				<string>0E20429015824FF5009D88F2</string>
				<string>0E20429115824FF5009D88F2</string>
				<string>0E2042A715825613009D88F2</string>
				<string>0E0ECC151583681400116FAE</string>
			</array>
			<key>isa</key>
			<string>PBXSourcesBuildPhase</string>
			<key>runOnlyForDeploymentPostprocessing</key>
			<string>0</string>
		</dict>
		<key>0E20426315824F34009D88F2</key>
		<dict>
			<key>buildActionMask</key>
			<string>2147483647</string>
			<key>files</key>
			<array>
				<string>0E2042A015825324009D88F2</string>
				<string>0E20429E1582531F009D88F2</string>
				<string>0E20429C15825316009D88F2</string>
				<string>0E20429A15825308009D88F2</string>
				<string>0E20429815825303009D88F2</string>
				<string>0E20426B15824F34009D88F2</string>
				<string>0E20426D15824F34009D88F2</string>
				<string>0E20426F15824F34009D88F2</string>
				<string>0C4F6D0829C540F3B7E86E23</string>
			</array>
			<key>isa</key>
			<string>PBXFrameworksBuildPhase</string>
			<key>runOnlyForDeploymentPostprocessing</key>
			<string>0</string>
		</dict>
		<key>0E20426415824F34009D88F2</key>
		<dict>
			<key>buildActionMask</key>
			<string>2147483647</string>
			<key>files</key>
			<array>
				<string>0E20427515824F35009D88F2</string>
				<string>0E20427E15824F35009D88F2</string>
				<string>0E74049215825A5E006AE2B4</string>
				<string>482C9DB517B138770080E8D8</string>
			</array>
			<key>isa</key>
			<string>PBXResourcesBuildPhase</string>
			<key>runOnlyForDeploymentPostprocessing</key>
			<string>0</string>
		</dict>
		<key>0E20426515824F34009D88F2</key>
		<dict>
			<key>buildConfigurationList</key>
			<string>0E20428415824F35009D88F2</string>
			<key>buildPhases</key>
			<array>
				<string>B676B766E76B4C5F9460B0DD</string>
				<string>0E20426215824F34009D88F2</string>
				<string>0E20426315824F34009D88F2</string>
				<string>0E20426415824F34009D88F2</string>
				<string>5D4D7A6961374D8AB26D855E</string>
				<string>9329A524F2576B5889EF9C02</string>
			</array>
			<key>buildRules</key>
			<array/>
			<key>dependencies</key>
			<array/>
			<key>isa</key>
			<string>PBXNativeTarget</string>
			<key>name</key>
			<string>TestOCR</string>
			<key>productName</key>
			<string>infojobOCR</string>
			<key>productReference</key>
			<string>0E20426615824F34009D88F2</string>
			<key>productType</key>
			<string>com.apple.product-type.application</string>
		</dict>
		<key>0E20426615824F34009D88F2</key>
		<dict>
			<key>explicitFileType</key>
			<string>wrapper.application</string>
			<key>includeInIndex</key>
			<string>0</string>
			<key>isa</key>
			<string>PBXFileReference</string>
			<key>path</key>
			<string>TestOCR.app</string>
			<key>sourceTree</key>
			<string>BUILT_PRODUCTS_DIR</string>
		</dict>
		<key>0E20426715824F34009D88F2</key>
		<dict>
			<key>children</key>
			<array>
				<string>0E20426615824F34009D88F2</string>
			</array>
			<key>isa</key>
			<string>PBXGroup</string>
			<key>name</key>
			<string>Products</string>
			<key>sourceTree</key>
			<string>&lt;group&gt;</string>
		</dict>
		<key>0E20426915824F34009D88F2</key>
		<dict>
			<key>children</key>
			<array>
				<string>0E20429F15825324009D88F2</string>
				<string>0E20429D1582531F009D88F2</string>
				<string>0E20429B15825316009D88F2</string>
				<string>0E20429915825308009D88F2</string>
				<string>0E20429715825303009D88F2</string>
				<string>0E20426A15824F34009D88F2</string>
				<string>0E20426C15824F34009D88F2</string>
				<string>0E20426E15824F34009D88F2</string>
				<string>6442C35B3A894F23BF9DB1A8</string>
			</array>
			<key>isa</key>
			<string>PBXGroup</string>
			<key>name</key>
			<string>Frameworks</string>
			<key>sourceTree</key>
			<string>&lt;group&gt;</string>
		</dict>
		<key>0E20426A15824F34009D88F2</key>
		<dict>
			<key>isa</key>
			<string>PBXFileReference</string>
			<key>lastKnownFileType</key>
			<string>wrapper.framework</string>
			<key>name</key>
			<string>UIKit.framework</string>
			<key>path</key>
			<string>System/Library/Frameworks/UIKit.framework</string>
			<key>sourceTree</key>
			<string>SDKROOT</string>
		</dict>
		<key>0E20426B15824F34009D88F2</key>
		<dict>
			<key>fileRef</key>
			<string>0E20426A15824F34009D88F2</string>
			<key>isa</key>
			<string>PBXBuildFile</string>
		</dict>
		<key>0E20426C15824F34009D88F2</key>
		<dict>
			<key>isa</key>
			<string>PBXFileReference</string>
			<key>lastKnownFileType</key>
			<string>wrapper.framework</string>
			<key>name</key>
			<string>Foundation.framework</string>
			<key>path</key>
			<string>System/Library/Frameworks/Foundation.framework</string>
			<key>sourceTree</key>
			<string>SDKROOT</string>
		</dict>
		<key>0E20426D15824F34009D88F2</key>
		<dict>
			<key>fileRef</key>
			<string>0E20426C15824F34009D88F2</string>
			<key>isa</key>
			<string>PBXBuildFile</string>
		</dict>
		<key>0E20426E15824F34009D88F2</key>
		<dict>
			<key>isa</key>
			<string>PBXFileReference</string>
			<key>lastKnownFileType</key>
			<string>wrapper.framework</string>
			<key>name</key>
			<string>CoreGraphics.framework</string>
			<key>path</key>
			<string>System/Library/Frameworks/CoreGraphics.framework</string>
			<key>sourceTree</key>
			<string>SDKROOT</string>
		</dict>
		<key>0E20426F15824F34009D88F2</key>
		<dict>
			<key>fileRef</key>
			<string>0E20426E15824F34009D88F2</string>
			<key>isa</key>
			<string>PBXBuildFile</string>
		</dict>
		<key>0E20427015824F35009D88F2</key>
		<dict>
			<key>children</key>
			<array>
				<string>0E74049115825A5E006AE2B4</string>
				<string>0E20427915824F35009D88F2</string>
				<string>0E20427A15824F35009D88F2</string>
				<string>0E20427C15824F35009D88F2</string>
				<string>0E20427F15824F35009D88F2</string>
				<string>0E20428015824F35009D88F2</string>
				<string>0E20428B15824FF5009D88F2</string>
				<string>0E20428C15824FF5009D88F2</string>
				<string>0E20428D15824FF5009D88F2</string>
				<string>0E20428E15824FF5009D88F2</string>
				<string>0E20428F15824FF5009D88F2</string>
				<string>0E2042A515825612009D88F2</string>
				<string>0E2042A615825612009D88F2</string>
				<string>0E0ECC131583681400116FAE</string>
				<string>0E0ECC141583681400116FAE</string>
				<string>0E20427115824F35009D88F2</string>
			</array>
			<key>isa</key>
			<string>PBXGroup</string>
			<key>name</key>
			<string>TestOCR</string>
			<key>path</key>
			<string>infojobOCR</string>
			<key>sourceTree</key>
			<string>&lt;group&gt;</string>
		</dict>
		<key>0E20427115824F35009D88F2</key>
		<dict>
			<key>children</key>
			<array>
				<string>0E20427215824F35009D88F2</string>
				<string>0E20427315824F35009D88F2</string>
				<string>0E20427615824F35009D88F2</string>
				<string>0E20427815824F35009D88F2</string>
			</array>
			<key>isa</key>
			<string>PBXGroup</string>
			<key>name</key>
			<string>Supporting Files</string>
			<key>sourceTree</key>
			<string>&lt;group&gt;</string>
		</dict>
		<key>0E20427215824F35009D88F2</key>
		<dict>
			<key>isa</key>
			<string>PBXFileReference</string>
			<key>lastKnownFileType</key>
			<string>text.plist.xml</string>
			<key>path</key>
			<string>TestOCR-Info.plist</string>
			<key>sourceTree</key>
			<string>&lt;group&gt;</string>
		</dict>
		<key>0E20427315824F35009D88F2</key>
		<dict>
			<key>children</key>
			<array>
				<string>0E20427415824F35009D88F2</string>
			</array>
			<key>isa</key>
			<string>PBXVariantGroup</string>
			<key>name</key>
			<string>InfoPlist.strings</string>
			<key>sourceTree</key>
			<string>&lt;group&gt;</string>
		</dict>
		<key>0E20427415824F35009D88F2</key>
		<dict>
			<key>isa</key>
			<string>PBXFileReference</string>
			<key>lastKnownFileType</key>
			<string>text.plist.strings</string>
			<key>name</key>
			<string>en</string>
			<key>path</key>
			<string>en.lproj/InfoPlist.strings</string>
			<key>sourceTree</key>
			<string>&lt;group&gt;</string>
		</dict>
		<key>0E20427515824F35009D88F2</key>
		<dict>
			<key>fileRef</key>
			<string>0E20427315824F35009D88F2</string>
			<key>isa</key>
			<string>PBXBuildFile</string>
		</dict>
		<key>0E20427615824F35009D88F2</key>
		<dict>
			<key>isa</key>
			<string>PBXFileReference</string>
			<key>lastKnownFileType</key>
			<string>sourcecode.c.objc</string>
			<key>path</key>
			<string>main.m</string>
			<key>sourceTree</key>
			<string>&lt;group&gt;</string>
		</dict>
		<key>0E20427715824F35009D88F2</key>
		<dict>
			<key>fileRef</key>
			<string>0E20427615824F35009D88F2</string>
			<key>isa</key>
			<string>PBXBuildFile</string>
		</dict>
		<key>0E20427815824F35009D88F2</key>
		<dict>
			<key>isa</key>
			<string>PBXFileReference</string>
			<key>lastKnownFileType</key>
			<string>sourcecode.c.h</string>
			<key>path</key>
			<string>TestOCR-Prefix.pch</string>
			<key>sourceTree</key>
			<string>&lt;group&gt;</string>
		</dict>
		<key>0E20427915824F35009D88F2</key>
		<dict>
			<key>isa</key>
			<string>PBXFileReference</string>
			<key>lastKnownFileType</key>
			<string>sourcecode.c.h</string>
			<key>path</key>
			<string>AppDelegate.h</string>
			<key>sourceTree</key>
			<string>&lt;group&gt;</string>
		</dict>
		<key>0E20427A15824F35009D88F2</key>
		<dict>
			<key>isa</key>
			<string>PBXFileReference</string>
			<key>lastKnownFileType</key>
			<string>sourcecode.c.objc</string>
			<key>path</key>
			<string>AppDelegate.m</string>
			<key>sourceTree</key>
			<string>&lt;group&gt;</string>
		</dict>
		<key>0E20427B15824F35009D88F2</key>
		<dict>
			<key>fileRef</key>
			<string>0E20427A15824F35009D88F2</string>
			<key>isa</key>
			<string>PBXBuildFile</string>
		</dict>
		<key>0E20427C15824F35009D88F2</key>
		<dict>
			<key>children</key>
			<array>
				<string>0E20427D15824F35009D88F2</string>
			</array>
			<key>isa</key>
			<string>PBXVariantGroup</string>
			<key>name</key>
			<string>MainStoryboard.storyboard</string>
			<key>sourceTree</key>
			<string>&lt;group&gt;</string>
		</dict>
		<key>0E20427D15824F35009D88F2</key>
		<dict>
			<key>isa</key>
			<string>PBXFileReference</string>
			<key>lastKnownFileType</key>
			<string>file.storyboard</string>
			<key>name</key>
			<string>en</string>
			<key>path</key>
			<string>en.lproj/MainStoryboard.storyboard</string>
			<key>sourceTree</key>
			<string>&lt;group&gt;</string>
		</dict>
		<key>0E20427E15824F35009D88F2</key>
		<dict>
			<key>fileRef</key>
			<string>0E20427C15824F35009D88F2</string>
			<key>isa</key>
			<string>PBXBuildFile</string>
		</dict>
		<key>0E20427F15824F35009D88F2</key>
		<dict>
			<key>isa</key>
			<string>PBXFileReference</string>
			<key>lastKnownFileType</key>
			<string>sourcecode.c.h</string>
			<key>path</key>
			<string>ViewController.h</string>
			<key>sourceTree</key>
			<string>&lt;group&gt;</string>
		</dict>
		<key>0E20428015824F35009D88F2</key>
		<dict>
			<key>isa</key>
			<string>PBXFileReference</string>
			<key>lastKnownFileType</key>
			<string>sourcecode.c.objc</string>
			<key>path</key>
			<string>ViewController.m</string>
			<key>sourceTree</key>
			<string>&lt;group&gt;</string>
		</dict>
		<key>0E20428115824F35009D88F2</key>
		<dict>
			<key>fileRef</key>
			<string>0E20428015824F35009D88F2</string>
			<key>isa</key>
			<string>PBXBuildFile</string>
		</dict>
		<key>0E20428215824F35009D88F2</key>
		<dict>
			<key>buildSettings</key>
			<dict>
				<key>ALWAYS_SEARCH_USER_PATHS</key>
				<string>NO</string>
				<key>ARCHS</key>
				<string>$(ARCHS_STANDARD_32_BIT)</string>
				<key>CLANG_ENABLE_OBJC_ARC</key>
				<string>YES</string>
				<key>CODE_SIGN_IDENTITY[sdk=iphoneos*]</key>
				<string>iPhone Developer</string>
				<key>COPY_PHASE_STRIP</key>
				<string>NO</string>
				<key>GCC_C_LANGUAGE_STANDARD</key>
				<string>gnu99</string>
				<key>GCC_DYNAMIC_NO_PIC</key>
				<string>NO</string>
				<key>GCC_OPTIMIZATION_LEVEL</key>
				<string>0</string>
				<key>GCC_PREPROCESSOR_DEFINITIONS</key>
				<array>
					<string>DEBUG=1</string>
					<string>$(inherited)</string>
				</array>
				<key>GCC_SYMBOLS_PRIVATE_EXTERN</key>
				<string>NO</string>
				<key>GCC_VERSION</key>
				<string>com.apple.compilers.llvm.clang.1_0</string>
				<key>GCC_WARN_ABOUT_RETURN_TYPE</key>
				<string>YES</string>
				<key>GCC_WARN_UNINITIALIZED_AUTOS</key>
				<string>YES</string>
				<key>GCC_WARN_UNUSED_VARIABLE</key>
				<string>YES</string>
				<key>IPHONEOS_DEPLOYMENT_TARGET</key>
				<string>5.1</string>
				<key>SDKROOT</key>
				<string>iphoneos</string>
			</dict>
			<key>isa</key>
			<string>XCBuildConfiguration</string>
			<key>name</key>
			<string>Debug</string>
		</dict>
		<key>0E20428315824F35009D88F2</key>
		<dict>
			<key>buildSettings</key>
			<dict>
				<key>ALWAYS_SEARCH_USER_PATHS</key>
				<string>NO</string>
				<key>ARCHS</key>
				<string>$(ARCHS_STANDARD_32_BIT)</string>
				<key>CLANG_ENABLE_OBJC_ARC</key>
				<string>YES</string>
				<key>CODE_SIGN_IDENTITY[sdk=iphoneos*]</key>
				<string>iPhone Developer</string>
				<key>COPY_PHASE_STRIP</key>
				<string>YES</string>
				<key>GCC_C_LANGUAGE_STANDARD</key>
				<string>gnu99</string>
				<key>GCC_VERSION</key>
				<string>com.apple.compilers.llvm.clang.1_0</string>
				<key>GCC_WARN_ABOUT_RETURN_TYPE</key>
				<string>YES</string>
				<key>GCC_WARN_UNINITIALIZED_AUTOS</key>
				<string>YES</string>
				<key>GCC_WARN_UNUSED_VARIABLE</key>
				<string>YES</string>
				<key>IPHONEOS_DEPLOYMENT_TARGET</key>
				<string>5.1</string>
				<key>OTHER_CFLAGS</key>
				<string>-DNS_BLOCK_ASSERTIONS=1</string>
				<key>SDKROOT</key>
				<string>iphoneos</string>
				<key>VALIDATE_PRODUCT</key>
				<string>YES</string>
			</dict>
			<key>isa</key>
			<string>XCBuildConfiguration</string>
			<key>name</key>
			<string>Release</string>
		</dict>
		<key>0E20428415824F35009D88F2</key>
		<dict>
			<key>buildConfigurations</key>
			<array>
				<string>0E20428515824F35009D88F2</string>
				<string>0E20428615824F35009D88F2</string>
			</array>
			<key>defaultConfigurationIsVisible</key>
			<string>0</string>
			<key>defaultConfigurationName</key>
			<string>Release</string>
			<key>isa</key>
			<string>XCConfigurationList</string>
		</dict>
		<key>0E20428515824F35009D88F2</key>
		<dict>
			<key>baseConfigurationReference</key>
			<string>53EA23D198818EF019B6588B</string>
			<key>buildSettings</key>
			<dict>
				<key>FRAMEWORK_SEARCH_PATHS</key>
				<array>
					<string>$(inherited)</string>
					<string>"$(SRCROOT)"</string>
				</array>
				<key>GCC_PRECOMPILE_PREFIX_HEADER</key>
				<string>YES</string>
				<key>GCC_PREFIX_HEADER</key>
				<string>infojobOCR/TestOCR-Prefix.pch</string>
				<key>INFOPLIST_FILE</key>
				<string>infojobOCR/TestOCR-Info.plist</string>
				<key>LIBRARY_SEARCH_PATHS</key>
				<string>$(inherited)</string>
				<key>PRODUCT_NAME</key>
				<string>TestOCR</string>
				<key>WRAPPER_EXTENSION</key>
				<string>app</string>
			</dict>
			<key>isa</key>
			<string>XCBuildConfiguration</string>
			<key>name</key>
			<string>Debug</string>
		</dict>
		<key>0E20428615824F35009D88F2</key>
		<dict>
			<key>baseConfigurationReference</key>
			<string>7EE9D65A3562F5405CB57EEA</string>
			<key>buildSettings</key>
			<dict>
				<key>FRAMEWORK_SEARCH_PATHS</key>
				<array>
					<string>$(inherited)</string>
					<string>"$(SRCROOT)"</string>
				</array>
				<key>GCC_PRECOMPILE_PREFIX_HEADER</key>
				<string>YES</string>
				<key>GCC_PREFIX_HEADER</key>
				<string>infojobOCR/TestOCR-Prefix.pch</string>
				<key>INFOPLIST_FILE</key>
				<string>infojobOCR/TestOCR-Info.plist</string>
				<key>LIBRARY_SEARCH_PATHS</key>
				<string>$(inherited)</string>
				<key>PRODUCT_NAME</key>
				<string>TestOCR</string>
				<key>WRAPPER_EXTENSION</key>
				<string>app</string>
			</dict>
			<key>isa</key>
			<string>XCBuildConfiguration</string>
			<key>name</key>
			<string>Release</string>
		</dict>
		<key>0E20428B15824FF5009D88F2</key>
		<dict>
			<key>fileEncoding</key>
			<string>4</string>
			<key>isa</key>
			<string>PBXFileReference</string>
			<key>lastKnownFileType</key>
			<string>sourcecode.c.h</string>
			<key>path</key>
			<string>ImageProcessingProtocol.h</string>
			<key>sourceTree</key>
			<string>&lt;group&gt;</string>
		</dict>
		<key>0E20428C15824FF5009D88F2</key>
		<dict>
			<key>fileEncoding</key>
			<string>4</string>
			<key>isa</key>
			<string>PBXFileReference</string>
			<key>lastKnownFileType</key>
			<string>sourcecode.c.h</string>
			<key>path</key>
			<string>ImageProcessingImplementation.h</string>
			<key>sourceTree</key>
			<string>&lt;group&gt;</string>
		</dict>
		<key>0E20428D15824FF5009D88F2</key>
		<dict>
			<key>fileEncoding</key>
			<string>4</string>
			<key>isa</key>
			<string>PBXFileReference</string>
			<key>lastKnownFileType</key>
			<string>sourcecode.cpp.objcpp</string>
			<key>path</key>
			<string>ImageProcessingImplementation.mm</string>
			<key>sourceTree</key>
			<string>&lt;group&gt;</string>
		</dict>
		<key>0E20428E15824FF5009D88F2</key>
		<dict>
			<key>fileEncoding</key>
			<string>4</string>
			<key>isa</key>
			<string>PBXFileReference</string>
			<key>lastKnownFileType</key>
			<string>sourcecode.cpp.cpp</string>
			<key>path</key>
			<string>ImageProcessor.cpp</string>
			<key>sourceTree</key>
			<string>&lt;group&gt;</string>
		</dict>
		<key>0E20428F15824FF5009D88F2</key>
		<dict>
			<key>fileEncoding</key>
			<string>4</string>
			<key>isa</key>
			<string>PBXFileReference</string>
			<key>lastKnownFileType</key>
			<string>sourcecode.c.h</string>
			<key>path</key>
			<string>ImageProcessor.h</string>
			<key>sourceTree</key>
			<string>&lt;group&gt;</string>
		</dict>
		<key>0E20429015824FF5009D88F2</key>
		<dict>
			<key>fileRef</key>
			<string>0E20428D15824FF5009D88F2</string>
			<key>isa</key>
			<string>PBXBuildFile</string>
		</dict>
		<key>0E20429115824FF5009D88F2</key>
		<dict>
			<key>fileRef</key>
			<string>0E20428E15824FF5009D88F2</string>
			<key>isa</key>
			<string>PBXBuildFile</string>
		</dict>
		<key>0E20429715825303009D88F2</key>
		<dict>
			<key>isa</key>
			<string>PBXFileReference</string>
			<key>lastKnownFileType</key>
			<string>wrapper.framework</string>
			<key>name</key>
			<string>AVFoundation.framework</string>
			<key>path</key>
			<string>System/Library/Frameworks/AVFoundation.framework</string>
			<key>sourceTree</key>
			<string>SDKROOT</string>
		</dict>
		<key>0E20429815825303009D88F2</key>
		<dict>
			<key>fileRef</key>
			<string>0E20429715825303009D88F2</string>
			<key>isa</key>
			<string>PBXBuildFile</string>
		</dict>
		<key>0E20429915825308009D88F2</key>
		<dict>
			<key>isa</key>
			<string>PBXFileReference</string>
			<key>lastKnownFileType</key>
			<string>wrapper.framework</string>
			<key>name</key>
			<string>ImageIO.framework</string>
			<key>path</key>
			<string>System/Library/Frameworks/ImageIO.framework</string>
			<key>sourceTree</key>
			<string>SDKROOT</string>
		</dict>
		<key>0E20429A15825308009D88F2</key>
		<dict>
			<key>fileRef</key>
			<string>0E20429915825308009D88F2</string>
			<key>isa</key>
			<string>PBXBuildFile</string>
		</dict>
		<key>0E20429B15825316009D88F2</key>
		<dict>
			<key>isa</key>
			<string>PBXFileReference</string>
			<key>lastKnownFileType</key>
			<string>compiled.mach-o.dylib</string>
			<key>name</key>
			<string>libz.dylib</string>
			<key>path</key>
			<string>usr/lib/libz.dylib</string>
			<key>sourceTree</key>
			<string>SDKROOT</string>
		</dict>
		<key>0E20429C15825316009D88F2</key>
		<dict>
			<key>fileRef</key>
			<string>0E20429B15825316009D88F2</string>
			<key>isa</key>
			<string>PBXBuildFile</string>
		</dict>
		<key>0E20429D1582531F009D88F2</key>
		<dict>
			<key>isa</key>
			<string>PBXFileReference</string>
			<key>lastKnownFileType</key>
			<string>wrapper.framework</string>
			<key>name</key>
			<string>CoreVideo.framework</string>
			<key>path</key>
			<string>System/Library/Frameworks/CoreVideo.framework</string>
			<key>sourceTree</key>
			<string>SDKROOT</string>
		</dict>
		<key>0E20429E1582531F009D88F2</key>
		<dict>
			<key>fileRef</key>
			<string>0E20429D1582531F009D88F2</string>
			<key>isa</key>
			<string>PBXBuildFile</string>
		</dict>
		<key>0E20429F15825324009D88F2</key>
		<dict>
			<key>isa</key>
			<string>PBXFileReference</string>
			<key>lastKnownFileType</key>
			<string>wrapper.framework</string>
			<key>name</key>
			<string>CoreMedia.framework</string>
			<key>path</key>
			<string>System/Library/Frameworks/CoreMedia.framework</string>
			<key>sourceTree</key>
			<string>SDKROOT</string>
		</dict>
		<key>0E2042A015825324009D88F2</key>
		<dict>
			<key>fileRef</key>
			<string>0E20429F15825324009D88F2</string>
			<key>isa</key>
			<string>PBXBuildFile</string>
		</dict>
		<key>0E2042A515825612009D88F2</key>
		<dict>
			<key>fileEncoding</key>
			<string>4</string>
			<key>isa</key>
			<string>PBXFileReference</string>
			<key>lastKnownFileType</key>
			<string>sourcecode.c.h</string>
			<key>path</key>
			<string>UIImage+OpenCV.h</string>
			<key>sourceTree</key>
			<string>&lt;group&gt;</string>
		</dict>
		<key>0E2042A615825612009D88F2</key>
		<dict>
			<key>fileEncoding</key>
			<string>4</string>
			<key>isa</key>
			<string>PBXFileReference</string>
			<key>lastKnownFileType</key>
			<string>sourcecode.cpp.objcpp</string>
			<key>path</key>
			<string>UIImage+OpenCV.mm</string>
			<key>sourceTree</key>
			<string>&lt;group&gt;</string>
		</dict>
		<key>0E2042A715825613009D88F2</key>
		<dict>
			<key>fileRef</key>
			<string>0E2042A615825612009D88F2</string>
			<key>isa</key>
			<string>PBXBuildFile</string>
		</dict>
		<key>0E74049115825A5E006AE2B4</key>
		<dict>
			<key>isa</key>
			<string>PBXFileReference</string>
			<key>lastKnownFileType</key>
			<string>folder</string>
			<key>path</key>
			<string>tessdata</string>
			<key>sourceTree</key>
			<string>&lt;group&gt;</string>
		</dict>
		<key>0E74049215825A5E006AE2B4</key>
		<dict>
			<key>fileRef</key>
			<string>0E74049115825A5E006AE2B4</string>
			<key>isa</key>
			<string>PBXBuildFile</string>
		</dict>
		<key>482C9DB417B138770080E8D8</key>
		<dict>
			<key>isa</key>
			<string>PBXFileReference</string>
			<key>lastKnownFileType</key>
			<string>image.png</string>
			<key>path</key>
			<string>Default-568h@2x.png</string>
			<key>sourceTree</key>
			<string>&lt;group&gt;</string>
		</dict>
		<key>482C9DB517B138770080E8D8</key>
		<dict>
			<key>fileRef</key>
			<string>482C9DB417B138770080E8D8</string>
			<key>isa</key>
			<string>PBXBuildFile</string>
		</dict>
		<key>53EA23D198818EF019B6588B</key>
		<dict>
			<key>includeInIndex</key>
			<string>1</string>
			<key>isa</key>
			<string>PBXFileReference</string>
			<key>lastKnownFileType</key>
			<string>text.xcconfig</string>
			<key>name</key>
			<string>Pods.debug.xcconfig</string>
			<key>path</key>
			<string>Pods/Target Support Files/Pods/Pods.debug.xcconfig</string>
			<key>sourceTree</key>
			<string>&lt;group&gt;</string>
		</dict>
		<key>5D4D7A6961374D8AB26D855E</key>
		<dict>
			<key>buildActionMask</key>
			<string>2147483647</string>
			<key>files</key>
			<array/>
			<key>inputPaths</key>
			<array/>
			<key>isa</key>
			<string>PBXShellScriptBuildPhase</string>
			<key>name</key>
			<string>Copy Pods Resources</string>
			<key>outputPaths</key>
			<array/>
			<key>runOnlyForDeploymentPostprocessing</key>
			<string>0</string>
			<key>shellPath</key>
			<string>/bin/sh</string>
			<key>shellScript</key>
			<string>"${SRCROOT}/Pods/Target Support Files/Pods/Pods-resources.sh"
</string>
		</dict>
		<key>6442C35B3A894F23BF9DB1A8</key>
		<dict>
			<key>explicitFileType</key>
			<string>archive.ar</string>
			<key>includeInIndex</key>
			<string>0</string>
			<key>isa</key>
			<string>PBXFileReference</string>
			<key>path</key>
			<string>libPods.a</string>
			<key>sourceTree</key>
			<string>BUILT_PRODUCTS_DIR</string>
		</dict>
		<key>7EE9D65A3562F5405CB57EEA</key>
		<dict>
			<key>includeInIndex</key>
			<string>1</string>
			<key>isa</key>
			<string>PBXFileReference</string>
			<key>lastKnownFileType</key>
			<string>text.xcconfig</string>
			<key>name</key>
			<string>Pods.release.xcconfig</string>
			<key>path</key>
			<string>Pods/Target Support Files/Pods/Pods.release.xcconfig</string>
			<key>sourceTree</key>
			<string>&lt;group&gt;</string>
		</dict>
		<key>9329A524F2576B5889EF9C02</key>
		<dict>
			<key>buildActionMask</key>
			<string>2147483647</string>
			<key>files</key>
			<array/>
			<key>inputPaths</key>
			<array/>
			<key>isa</key>
			<string>PBXShellScriptBuildPhase</string>
			<key>name</key>
			<string>Embed Pods Frameworks</string>
			<key>outputPaths</key>
			<array/>
			<key>runOnlyForDeploymentPostprocessing</key>
			<string>0</string>
			<key>shellPath</key>
			<string>/bin/sh</string>
			<key>shellScript</key>
			<string>"${SRCROOT}/Pods/Target Support Files/Pods/Pods-frameworks.sh"
</string>
			<key>showEnvVarsInLog</key>
			<string>0</string>
		</dict>
		<key>B676B766E76B4C5F9460B0DD</key>
		<dict>
			<key>buildActionMask</key>
			<string>2147483647</string>
			<key>files</key>
			<array/>
			<key>inputPaths</key>
			<array/>
			<key>isa</key>
			<string>PBXShellScriptBuildPhase</string>
			<key>name</key>
			<string>Check Pods Manifest.lock</string>
			<key>outputPaths</key>
			<array/>
			<key>runOnlyForDeploymentPostprocessing</key>
			<string>0</string>
			<key>shellPath</key>
			<string>/bin/sh</string>
			<key>shellScript</key>
			<string>diff "${PODS_ROOT}/../Podfile.lock" "${PODS_ROOT}/Manifest.lock" &gt; /dev/null
if [[ $? != 0 ]] ; then
    cat &lt;&lt; EOM
error: The sandbox is not in sync with the Podfile.lock. Run 'pod install' or update your CocoaPods installation.
EOM
    exit 1
fi
</string>
		</dict>
		<key>DA2E94C3765B6830509DCF49</key>
		<dict>
			<key>children</key>
			<array>
				<string>53EA23D198818EF019B6588B</string>
				<string>7EE9D65A3562F5405CB57EEA</string>
			</array>
			<key>isa</key>
			<string>PBXGroup</string>
			<key>name</key>
			<string>Pods</string>
			<key>sourceTree</key>
			<string>&lt;group&gt;</string>
		</dict>
	</dict>
	<key>rootObject</key>
	<string>0E20425D15824F34009D88F2</string>
</dict>
</plist>
